// !$*UTF8*$!
{
	archiveVersion = 1;
	classes = {
	};
	objectVersion = 46;
	objects = {

/* Begin PBXBuildFile section */
		E149F3FD1A73AA0E00F46C87 /* AppDelegate.swift in Sources */ = {isa = PBXBuildFile; fileRef = E149F3FC1A73AA0E00F46C87 /* AppDelegate.swift */; };
		E149F3FF1A73AA0E00F46C87 /* ViewController.swift in Sources */ = {isa = PBXBuildFile; fileRef = E149F3FE1A73AA0E00F46C87 /* ViewController.swift */; };
		E149F4021A73AA0E00F46C87 /* Main.storyboard in Resources */ = {isa = PBXBuildFile; fileRef = E149F4001A73AA0E00F46C87 /* Main.storyboard */; };
		E149F4041A73AA0E00F46C87 /* Images.xcassets in Resources */ = {isa = PBXBuildFile; fileRef = E149F4031A73AA0E00F46C87 /* Images.xcassets */; };
		E149F4071A73AA0E00F46C87 /* LaunchScreen.xib in Resources */ = {isa = PBXBuildFile; fileRef = E149F4051A73AA0E00F46C87 /* LaunchScreen.xib */; };
		E149F4131A73AA0E00F46C87 /* iosTests.swift in Sources */ = {isa = PBXBuildFile; fileRef = E149F4121A73AA0E00F46C87 /* iosTests.swift */; };
		E149F4501A73AB1D00F46C87 /* CWSAddressInfo.m in Sources */ = {isa = PBXBuildFile; fileRef = E149F4201A73AB1D00F46C87 /* CWSAddressInfo.m */; settings = {COMPILER_FLAGS = "-fno-objc-arc"; }; };
		E149F4511A73AB1D00F46C87 /* CWSAlternativeMerchantData.m in Sources */ = {isa = PBXBuildFile; fileRef = E149F4221A73AB1D00F46C87 /* CWSAlternativeMerchantData.m */; settings = {COMPILER_FLAGS = "-fno-objc-arc"; }; };
		E149F4521A73AB1D00F46C87 /* CWSCreditCard.m in Sources */ = {isa = PBXBuildFile; fileRef = E149F4241A73AB1D00F46C87 /* CWSCreditCard.m */; settings = {COMPILER_FLAGS = "-fno-objc-arc"; }; };
		E149F4531A73AB1D00F46C87 /* CWSDifferenceData.m in Sources */ = {isa = PBXBuildFile; fileRef = E149F4261A73AB1D00F46C87 /* CWSDifferenceData.m */; settings = {COMPILER_FLAGS = "-fno-objc-arc"; }; };
		E149F4541A73AB1D00F46C87 /* CWSInterchangeData.m in Sources */ = {isa = PBXBuildFile; fileRef = E149F4281A73AB1D00F46C87 /* CWSInterchangeData.m */; settings = {COMPILER_FLAGS = "-fno-objc-arc"; }; };
		E149F4551A73AB1D00F46C87 /* CWSTransactionData.m in Sources */ = {isa = PBXBuildFile; fileRef = E149F42A1A73AB1D00F46C87 /* CWSTransactionData.m */; settings = {COMPILER_FLAGS = "-fno-objc-arc"; }; };
		E149F4561A73AB1D00F46C87 /* CWSTransactionDataPro.m in Sources */ = {isa = PBXBuildFile; fileRef = E149F42C1A73AB1D00F46C87 /* CWSTransactionDataPro.m */; settings = {COMPILER_FLAGS = "-fno-objc-arc"; }; };
		E149F4571A73AB1D00F46C87 /* CWSTransactionReportingData.m in Sources */ = {isa = PBXBuildFile; fileRef = E149F42E1A73AB1D00F46C87 /* CWSTransactionReportingData.m */; settings = {COMPILER_FLAGS = "-fno-objc-arc"; }; };
		E149F4581A73AB1D00F46C87 /* CWSAPI.m in Sources */ = {isa = PBXBuildFile; fileRef = E149F4301A73AB1D00F46C87 /* CWSAPI.m */; settings = {COMPILER_FLAGS = "-fno-objc-arc"; }; };
		E149F4591A73AB1D00F46C87 /* NSDate+InternetDateTime.m in Sources */ = {isa = PBXBuildFile; fileRef = E149F4331A73AB1D00F46C87 /* NSDate+InternetDateTime.m */; settings = {COMPILER_FLAGS = "-fno-objc-arc"; }; };
		E149F45A1A73AB1D00F46C87 /* NSString+Base64Encode.m in Sources */ = {isa = PBXBuildFile; fileRef = E149F4351A73AB1D00F46C87 /* NSString+Base64Encode.m */; settings = {COMPILER_FLAGS = "-fno-objc-arc"; }; };
		E149F45B1A73AB1D00F46C87 /* NSObject+SBJson.m in Sources */ = {isa = PBXBuildFile; fileRef = E149F4381A73AB1D00F46C87 /* NSObject+SBJson.m */; settings = {COMPILER_FLAGS = "-fno-objc-arc"; }; };
		E149F45C1A73AB1D00F46C87 /* SBJsonParser.m in Sources */ = {isa = PBXBuildFile; fileRef = E149F43B1A73AB1D00F46C87 /* SBJsonParser.m */; settings = {COMPILER_FLAGS = "-fno-objc-arc"; }; };
		E149F45D1A73AB1D00F46C87 /* SBJsonStreamParser.m in Sources */ = {isa = PBXBuildFile; fileRef = E149F43D1A73AB1D00F46C87 /* SBJsonStreamParser.m */; settings = {COMPILER_FLAGS = "-fno-objc-arc"; }; };
		E149F45E1A73AB1D00F46C87 /* SBJsonStreamParserAccumulator.m in Sources */ = {isa = PBXBuildFile; fileRef = E149F43F1A73AB1D00F46C87 /* SBJsonStreamParserAccumulator.m */; settings = {COMPILER_FLAGS = "-fno-objc-arc"; }; };
		E149F45F1A73AB1D00F46C87 /* SBJsonStreamParserAdapter.m in Sources */ = {isa = PBXBuildFile; fileRef = E149F4411A73AB1D00F46C87 /* SBJsonStreamParserAdapter.m */; settings = {COMPILER_FLAGS = "-fno-objc-arc"; }; };
		E149F4601A73AB1D00F46C87 /* SBJsonStreamParserState.m in Sources */ = {isa = PBXBuildFile; fileRef = E149F4431A73AB1D00F46C87 /* SBJsonStreamParserState.m */; settings = {COMPILER_FLAGS = "-fno-objc-arc"; }; };
		E149F4611A73AB1D00F46C87 /* SBJsonStreamWriter.m in Sources */ = {isa = PBXBuildFile; fileRef = E149F4451A73AB1D00F46C87 /* SBJsonStreamWriter.m */; settings = {COMPILER_FLAGS = "-fno-objc-arc"; }; };
		E149F4621A73AB1D00F46C87 /* SBJsonStreamWriterAccumulator.m in Sources */ = {isa = PBXBuildFile; fileRef = E149F4471A73AB1D00F46C87 /* SBJsonStreamWriterAccumulator.m */; settings = {COMPILER_FLAGS = "-fno-objc-arc"; }; };
		E149F4631A73AB1D00F46C87 /* SBJsonStreamWriterState.m in Sources */ = {isa = PBXBuildFile; fileRef = E149F4491A73AB1D00F46C87 /* SBJsonStreamWriterState.m */; settings = {COMPILER_FLAGS = "-fno-objc-arc"; }; };
		E149F4641A73AB1D00F46C87 /* SBJsonTokeniser.m in Sources */ = {isa = PBXBuildFile; fileRef = E149F44B1A73AB1D00F46C87 /* SBJsonTokeniser.m */; settings = {COMPILER_FLAGS = "-fno-objc-arc"; }; };
		E149F4651A73AB1D00F46C87 /* SBJsonUTF8Stream.m in Sources */ = {isa = PBXBuildFile; fileRef = E149F44D1A73AB1D00F46C87 /* SBJsonUTF8Stream.m */; settings = {COMPILER_FLAGS = "-fno-objc-arc"; }; };
		E149F4661A73AB1D00F46C87 /* SBJsonWriter.m in Sources */ = {isa = PBXBuildFile; fileRef = E149F44F1A73AB1D00F46C87 /* SBJsonWriter.m */; settings = {COMPILER_FLAGS = "-fno-objc-arc"; }; };
		E149F4701A73AD1300F46C87 /* PTChannel.m in Sources */ = {isa = PBXBuildFile; fileRef = E149F46A1A73AD1300F46C87 /* PTChannel.m */; };
		E149F4711A73AD1300F46C87 /* PTProtocol.m in Sources */ = {isa = PBXBuildFile; fileRef = E149F46D1A73AD1300F46C87 /* PTProtocol.m */; };
		E149F4721A73AD1300F46C87 /* PTUSBHub.m in Sources */ = {isa = PBXBuildFile; fileRef = E149F46F1A73AD1300F46C87 /* PTUSBHub.m */; };
/* End PBXBuildFile section */

/* Begin PBXContainerItemProxy section */
		E149F40D1A73AA0E00F46C87 /* PBXContainerItemProxy */ = {
			isa = PBXContainerItemProxy;
			containerPortal = E149F3EF1A73AA0D00F46C87 /* Project object */;
			proxyType = 1;
			remoteGlobalIDString = E149F3F61A73AA0D00F46C87;
			remoteInfo = ios;
		};
/* End PBXContainerItemProxy section */

/* Begin PBXFileReference section */
		E149F3F71A73AA0D00F46C87 /* ios.app */ = {isa = PBXFileReference; explicitFileType = wrapper.application; includeInIndex = 0; path = ios.app; sourceTree = BUILT_PRODUCTS_DIR; };
		E149F3FB1A73AA0E00F46C87 /* Info.plist */ = {isa = PBXFileReference; lastKnownFileType = text.plist.xml; path = Info.plist; sourceTree = "<group>"; };
		E149F3FC1A73AA0E00F46C87 /* AppDelegate.swift */ = {isa = PBXFileReference; lastKnownFileType = sourcecode.swift; path = AppDelegate.swift; sourceTree = "<group>"; };
		E149F3FE1A73AA0E00F46C87 /* ViewController.swift */ = {isa = PBXFileReference; lastKnownFileType = sourcecode.swift; path = ViewController.swift; sourceTree = "<group>"; };
		E149F4011A73AA0E00F46C87 /* Base */ = {isa = PBXFileReference; lastKnownFileType = file.storyboard; name = Base; path = Base.lproj/Main.storyboard; sourceTree = "<group>"; };
		E149F4031A73AA0E00F46C87 /* Images.xcassets */ = {isa = PBXFileReference; lastKnownFileType = folder.assetcatalog; path = Images.xcassets; sourceTree = "<group>"; };
		E149F4061A73AA0E00F46C87 /* Base */ = {isa = PBXFileReference; lastKnownFileType = file.xib; name = Base; path = Base.lproj/LaunchScreen.xib; sourceTree = "<group>"; };
		E149F40C1A73AA0E00F46C87 /* iosTests.xctest */ = {isa = PBXFileReference; explicitFileType = wrapper.cfbundle; includeInIndex = 0; path = iosTests.xctest; sourceTree = BUILT_PRODUCTS_DIR; };
		E149F4111A73AA0E00F46C87 /* Info.plist */ = {isa = PBXFileReference; lastKnownFileType = text.plist.xml; path = Info.plist; sourceTree = "<group>"; };
		E149F4121A73AA0E00F46C87 /* iosTests.swift */ = {isa = PBXFileReference; lastKnownFileType = sourcecode.swift; path = iosTests.swift; sourceTree = "<group>"; };
		E149F41C1A73AA3A00F46C87 /* Bridge.h */ = {isa = PBXFileReference; fileEncoding = 4; lastKnownFileType = sourcecode.c.h; path = Bridge.h; sourceTree = "<group>"; };
		E149F41F1A73AB1D00F46C87 /* CWSAddressInfo.h */ = {isa = PBXFileReference; fileEncoding = 4; lastKnownFileType = sourcecode.c.h; path = CWSAddressInfo.h; sourceTree = "<group>"; };
		E149F4201A73AB1D00F46C87 /* CWSAddressInfo.m */ = {isa = PBXFileReference; fileEncoding = 4; lastKnownFileType = sourcecode.c.objc; path = CWSAddressInfo.m; sourceTree = "<group>"; };
		E149F4211A73AB1D00F46C87 /* CWSAlternativeMerchantData.h */ = {isa = PBXFileReference; fileEncoding = 4; lastKnownFileType = sourcecode.c.h; path = CWSAlternativeMerchantData.h; sourceTree = "<group>"; };
		E149F4221A73AB1D00F46C87 /* CWSAlternativeMerchantData.m */ = {isa = PBXFileReference; fileEncoding = 4; lastKnownFileType = sourcecode.c.objc; path = CWSAlternativeMerchantData.m; sourceTree = "<group>"; };
		E149F4231A73AB1D00F46C87 /* CWSCreditCard.h */ = {isa = PBXFileReference; fileEncoding = 4; lastKnownFileType = sourcecode.c.h; path = CWSCreditCard.h; sourceTree = "<group>"; };
		E149F4241A73AB1D00F46C87 /* CWSCreditCard.m */ = {isa = PBXFileReference; fileEncoding = 4; lastKnownFileType = sourcecode.c.objc; path = CWSCreditCard.m; sourceTree = "<group>"; };
		E149F4251A73AB1D00F46C87 /* CWSDifferenceData.h */ = {isa = PBXFileReference; fileEncoding = 4; lastKnownFileType = sourcecode.c.h; path = CWSDifferenceData.h; sourceTree = "<group>"; };
		E149F4261A73AB1D00F46C87 /* CWSDifferenceData.m */ = {isa = PBXFileReference; fileEncoding = 4; lastKnownFileType = sourcecode.c.objc; path = CWSDifferenceData.m; sourceTree = "<group>"; };
		E149F4271A73AB1D00F46C87 /* CWSInterchangeData.h */ = {isa = PBXFileReference; fileEncoding = 4; lastKnownFileType = sourcecode.c.h; path = CWSInterchangeData.h; sourceTree = "<group>"; };
		E149F4281A73AB1D00F46C87 /* CWSInterchangeData.m */ = {isa = PBXFileReference; fileEncoding = 4; lastKnownFileType = sourcecode.c.objc; path = CWSInterchangeData.m; sourceTree = "<group>"; };
		E149F4291A73AB1D00F46C87 /* CWSTransactionData.h */ = {isa = PBXFileReference; fileEncoding = 4; lastKnownFileType = sourcecode.c.h; path = CWSTransactionData.h; sourceTree = "<group>"; };
		E149F42A1A73AB1D00F46C87 /* CWSTransactionData.m */ = {isa = PBXFileReference; fileEncoding = 4; lastKnownFileType = sourcecode.c.objc; path = CWSTransactionData.m; sourceTree = "<group>"; };
		E149F42B1A73AB1D00F46C87 /* CWSTransactionDataPro.h */ = {isa = PBXFileReference; fileEncoding = 4; lastKnownFileType = sourcecode.c.h; path = CWSTransactionDataPro.h; sourceTree = "<group>"; };
		E149F42C1A73AB1D00F46C87 /* CWSTransactionDataPro.m */ = {isa = PBXFileReference; fileEncoding = 4; lastKnownFileType = sourcecode.c.objc; path = CWSTransactionDataPro.m; sourceTree = "<group>"; };
		E149F42D1A73AB1D00F46C87 /* CWSTransactionReportingData.h */ = {isa = PBXFileReference; fileEncoding = 4; lastKnownFileType = sourcecode.c.h; path = CWSTransactionReportingData.h; sourceTree = "<group>"; };
		E149F42E1A73AB1D00F46C87 /* CWSTransactionReportingData.m */ = {isa = PBXFileReference; fileEncoding = 4; lastKnownFileType = sourcecode.c.objc; path = CWSTransactionReportingData.m; sourceTree = "<group>"; };
		E149F42F1A73AB1D00F46C87 /* CWSAPI.h */ = {isa = PBXFileReference; fileEncoding = 4; lastKnownFileType = sourcecode.c.h; path = CWSAPI.h; sourceTree = "<group>"; };
		E149F4301A73AB1D00F46C87 /* CWSAPI.m */ = {isa = PBXFileReference; fileEncoding = 4; lastKnownFileType = sourcecode.c.objc; path = CWSAPI.m; sourceTree = "<group>"; };
		E149F4321A73AB1D00F46C87 /* NSDate+InternetDateTime.h */ = {isa = PBXFileReference; fileEncoding = 4; lastKnownFileType = sourcecode.c.h; path = "NSDate+InternetDateTime.h"; sourceTree = "<group>"; };
		E149F4331A73AB1D00F46C87 /* NSDate+InternetDateTime.m */ = {isa = PBXFileReference; fileEncoding = 4; lastKnownFileType = sourcecode.c.objc; path = "NSDate+InternetDateTime.m"; sourceTree = "<group>"; };
		E149F4341A73AB1D00F46C87 /* NSString+Base64Encode.h */ = {isa = PBXFileReference; fileEncoding = 4; lastKnownFileType = sourcecode.c.h; path = "NSString+Base64Encode.h"; sourceTree = "<group>"; };
		E149F4351A73AB1D00F46C87 /* NSString+Base64Encode.m */ = {isa = PBXFileReference; fileEncoding = 4; lastKnownFileType = sourcecode.c.objc; path = "NSString+Base64Encode.m"; sourceTree = "<group>"; };
		E149F4371A73AB1D00F46C87 /* NSObject+SBJson.h */ = {isa = PBXFileReference; fileEncoding = 4; lastKnownFileType = sourcecode.c.h; path = "NSObject+SBJson.h"; sourceTree = "<group>"; };
		E149F4381A73AB1D00F46C87 /* NSObject+SBJson.m */ = {isa = PBXFileReference; fileEncoding = 4; lastKnownFileType = sourcecode.c.objc; path = "NSObject+SBJson.m"; sourceTree = "<group>"; };
		E149F4391A73AB1D00F46C87 /* SBJson.h */ = {isa = PBXFileReference; fileEncoding = 4; lastKnownFileType = sourcecode.c.h; path = SBJson.h; sourceTree = "<group>"; };
		E149F43A1A73AB1D00F46C87 /* SBJsonParser.h */ = {isa = PBXFileReference; fileEncoding = 4; lastKnownFileType = sourcecode.c.h; path = SBJsonParser.h; sourceTree = "<group>"; };
		E149F43B1A73AB1D00F46C87 /* SBJsonParser.m */ = {isa = PBXFileReference; fileEncoding = 4; lastKnownFileType = sourcecode.c.objc; path = SBJsonParser.m; sourceTree = "<group>"; };
		E149F43C1A73AB1D00F46C87 /* SBJsonStreamParser.h */ = {isa = PBXFileReference; fileEncoding = 4; lastKnownFileType = sourcecode.c.h; path = SBJsonStreamParser.h; sourceTree = "<group>"; };
		E149F43D1A73AB1D00F46C87 /* SBJsonStreamParser.m */ = {isa = PBXFileReference; fileEncoding = 4; lastKnownFileType = sourcecode.c.objc; path = SBJsonStreamParser.m; sourceTree = "<group>"; };
		E149F43E1A73AB1D00F46C87 /* SBJsonStreamParserAccumulator.h */ = {isa = PBXFileReference; fileEncoding = 4; lastKnownFileType = sourcecode.c.h; path = SBJsonStreamParserAccumulator.h; sourceTree = "<group>"; };
		E149F43F1A73AB1D00F46C87 /* SBJsonStreamParserAccumulator.m */ = {isa = PBXFileReference; fileEncoding = 4; lastKnownFileType = sourcecode.c.objc; path = SBJsonStreamParserAccumulator.m; sourceTree = "<group>"; };
		E149F4401A73AB1D00F46C87 /* SBJsonStreamParserAdapter.h */ = {isa = PBXFileReference; fileEncoding = 4; lastKnownFileType = sourcecode.c.h; path = SBJsonStreamParserAdapter.h; sourceTree = "<group>"; };
		E149F4411A73AB1D00F46C87 /* SBJsonStreamParserAdapter.m */ = {isa = PBXFileReference; fileEncoding = 4; lastKnownFileType = sourcecode.c.objc; path = SBJsonStreamParserAdapter.m; sourceTree = "<group>"; };
		E149F4421A73AB1D00F46C87 /* SBJsonStreamParserState.h */ = {isa = PBXFileReference; fileEncoding = 4; lastKnownFileType = sourcecode.c.h; path = SBJsonStreamParserState.h; sourceTree = "<group>"; };
		E149F4431A73AB1D00F46C87 /* SBJsonStreamParserState.m */ = {isa = PBXFileReference; fileEncoding = 4; lastKnownFileType = sourcecode.c.objc; path = SBJsonStreamParserState.m; sourceTree = "<group>"; };
		E149F4441A73AB1D00F46C87 /* SBJsonStreamWriter.h */ = {isa = PBXFileReference; fileEncoding = 4; lastKnownFileType = sourcecode.c.h; path = SBJsonStreamWriter.h; sourceTree = "<group>"; };
		E149F4451A73AB1D00F46C87 /* SBJsonStreamWriter.m */ = {isa = PBXFileReference; fileEncoding = 4; lastKnownFileType = sourcecode.c.objc; path = SBJsonStreamWriter.m; sourceTree = "<group>"; };
		E149F4461A73AB1D00F46C87 /* SBJsonStreamWriterAccumulator.h */ = {isa = PBXFileReference; fileEncoding = 4; lastKnownFileType = sourcecode.c.h; path = SBJsonStreamWriterAccumulator.h; sourceTree = "<group>"; };
		E149F4471A73AB1D00F46C87 /* SBJsonStreamWriterAccumulator.m */ = {isa = PBXFileReference; fileEncoding = 4; lastKnownFileType = sourcecode.c.objc; path = SBJsonStreamWriterAccumulator.m; sourceTree = "<group>"; };
		E149F4481A73AB1D00F46C87 /* SBJsonStreamWriterState.h */ = {isa = PBXFileReference; fileEncoding = 4; lastKnownFileType = sourcecode.c.h; path = SBJsonStreamWriterState.h; sourceTree = "<group>"; };
		E149F4491A73AB1D00F46C87 /* SBJsonStreamWriterState.m */ = {isa = PBXFileReference; fileEncoding = 4; lastKnownFileType = sourcecode.c.objc; path = SBJsonStreamWriterState.m; sourceTree = "<group>"; };
		E149F44A1A73AB1D00F46C87 /* SBJsonTokeniser.h */ = {isa = PBXFileReference; fileEncoding = 4; lastKnownFileType = sourcecode.c.h; path = SBJsonTokeniser.h; sourceTree = "<group>"; };
		E149F44B1A73AB1D00F46C87 /* SBJsonTokeniser.m */ = {isa = PBXFileReference; fileEncoding = 4; lastKnownFileType = sourcecode.c.objc; path = SBJsonTokeniser.m; sourceTree = "<group>"; };
		E149F44C1A73AB1D00F46C87 /* SBJsonUTF8Stream.h */ = {isa = PBXFileReference; fileEncoding = 4; lastKnownFileType = sourcecode.c.h; path = SBJsonUTF8Stream.h; sourceTree = "<group>"; };
		E149F44D1A73AB1D00F46C87 /* SBJsonUTF8Stream.m */ = {isa = PBXFileReference; fileEncoding = 4; lastKnownFileType = sourcecode.c.objc; path = SBJsonUTF8Stream.m; sourceTree = "<group>"; };
		E149F44E1A73AB1D00F46C87 /* SBJsonWriter.h */ = {isa = PBXFileReference; fileEncoding = 4; lastKnownFileType = sourcecode.c.h; path = SBJsonWriter.h; sourceTree = "<group>"; };
		E149F44F1A73AB1D00F46C87 /* SBJsonWriter.m */ = {isa = PBXFileReference; fileEncoding = 4; lastKnownFileType = sourcecode.c.objc; path = SBJsonWriter.m; sourceTree = "<group>"; };
		E149F4681A73AD1300F46C87 /* prefix.pch */ = {isa = PBXFileReference; fileEncoding = 4; lastKnownFileType = sourcecode.c.h; path = prefix.pch; sourceTree = "<group>"; };
		E149F4691A73AD1300F46C87 /* PTChannel.h */ = {isa = PBXFileReference; fileEncoding = 4; lastKnownFileType = sourcecode.c.h; path = PTChannel.h; sourceTree = "<group>"; };
		E149F46A1A73AD1300F46C87 /* PTChannel.m */ = {isa = PBXFileReference; fileEncoding = 4; lastKnownFileType = sourcecode.c.objc; path = PTChannel.m; sourceTree = "<group>"; };
		E149F46B1A73AD1300F46C87 /* PTPrivate.h */ = {isa = PBXFileReference; fileEncoding = 4; lastKnownFileType = sourcecode.c.h; path = PTPrivate.h; sourceTree = "<group>"; };
		E149F46C1A73AD1300F46C87 /* PTProtocol.h */ = {isa = PBXFileReference; fileEncoding = 4; lastKnownFileType = sourcecode.c.h; path = PTProtocol.h; sourceTree = "<group>"; };
		E149F46D1A73AD1300F46C87 /* PTProtocol.m */ = {isa = PBXFileReference; fileEncoding = 4; lastKnownFileType = sourcecode.c.objc; path = PTProtocol.m; sourceTree = "<group>"; };
		E149F46E1A73AD1300F46C87 /* PTUSBHub.h */ = {isa = PBXFileReference; fileEncoding = 4; lastKnownFileType = sourcecode.c.h; path = PTUSBHub.h; sourceTree = "<group>"; };
		E149F46F1A73AD1300F46C87 /* PTUSBHub.m */ = {isa = PBXFileReference; fileEncoding = 4; lastKnownFileType = sourcecode.c.objc; path = PTUSBHub.m; sourceTree = "<group>"; };
/* End PBXFileReference section */

/* Begin PBXFrameworksBuildPhase section */
		E149F3F41A73AA0D00F46C87 /* Frameworks */ = {
			isa = PBXFrameworksBuildPhase;
			buildActionMask = 2147483647;
			files = (
			);
			runOnlyForDeploymentPostprocessing = 0;
		};
		E149F4091A73AA0E00F46C87 /* Frameworks */ = {
			isa = PBXFrameworksBuildPhase;
			buildActionMask = 2147483647;
			files = (
			);
			runOnlyForDeploymentPostprocessing = 0;
		};
/* End PBXFrameworksBuildPhase section */

/* Begin PBXGroup section */
		E149F3EE1A73AA0D00F46C87 = {
			isa = PBXGroup;
			children = (
				E149F3F91A73AA0D00F46C87 /* ios */,
				E149F40F1A73AA0E00F46C87 /* iosTests */,
				E149F3F81A73AA0D00F46C87 /* Products */,
			);
			sourceTree = "<group>";
		};
		E149F3F81A73AA0D00F46C87 /* Products */ = {
			isa = PBXGroup;
			children = (
				E149F3F71A73AA0D00F46C87 /* ios.app */,
				E149F40C1A73AA0E00F46C87 /* iosTests.xctest */,
			);
			name = Products;
			sourceTree = "<group>";
		};
		E149F3F91A73AA0D00F46C87 /* ios */ = {
			isa = PBXGroup;
			children = (
				E149F3FC1A73AA0E00F46C87 /* AppDelegate.swift */,
				E149F3FE1A73AA0E00F46C87 /* ViewController.swift */,
				E149F41C1A73AA3A00F46C87 /* Bridge.h */,
				E149F4001A73AA0E00F46C87 /* Main.storyboard */,
				E149F4031A73AA0E00F46C87 /* Images.xcassets */,
				E149F4671A73AD1300F46C87 /* peertalk */,
				E149F41D1A73AB1D00F46C87 /* SDK */,
				E149F4051A73AA0E00F46C87 /* LaunchScreen.xib */,
				E149F3FA1A73AA0E00F46C87 /* Supporting Files */,
			);
			path = ios;
			sourceTree = "<group>";
		};
		E149F3FA1A73AA0E00F46C87 /* Supporting Files */ = {
			isa = PBXGroup;
			children = (
				E149F3FB1A73AA0E00F46C87 /* Info.plist */,
			);
			name = "Supporting Files";
			sourceTree = "<group>";
		};
		E149F40F1A73AA0E00F46C87 /* iosTests */ = {
			isa = PBXGroup;
			children = (
				E149F4121A73AA0E00F46C87 /* iosTests.swift */,
				E149F4101A73AA0E00F46C87 /* Supporting Files */,
			);
			path = iosTests;
			sourceTree = "<group>";
		};
		E149F4101A73AA0E00F46C87 /* Supporting Files */ = {
			isa = PBXGroup;
			children = (
				E149F4111A73AA0E00F46C87 /* Info.plist */,
			);
			name = "Supporting Files";
			sourceTree = "<group>";
		};
		E149F41D1A73AB1D00F46C87 /* SDK */ = {
			isa = PBXGroup;
			children = (
				E149F41E1A73AB1D00F46C87 /* Classes */,
				E149F42F1A73AB1D00F46C87 /* CWSAPI.h */,
				E149F4301A73AB1D00F46C87 /* CWSAPI.m */,
				E149F4311A73AB1D00F46C87 /* Helpers */,
			);
			path = SDK;
			sourceTree = "<group>";
		};
		E149F41E1A73AB1D00F46C87 /* Classes */ = {
			isa = PBXGroup;
			children = (
				E149F41F1A73AB1D00F46C87 /* CWSAddressInfo.h */,
				E149F4201A73AB1D00F46C87 /* CWSAddressInfo.m */,
				E149F4211A73AB1D00F46C87 /* CWSAlternativeMerchantData.h */,
				E149F4221A73AB1D00F46C87 /* CWSAlternativeMerchantData.m */,
				E149F4231A73AB1D00F46C87 /* CWSCreditCard.h */,
				E149F4241A73AB1D00F46C87 /* CWSCreditCard.m */,
				E149F4251A73AB1D00F46C87 /* CWSDifferenceData.h */,
				E149F4261A73AB1D00F46C87 /* CWSDifferenceData.m */,
				E149F4271A73AB1D00F46C87 /* CWSInterchangeData.h */,
				E149F4281A73AB1D00F46C87 /* CWSInterchangeData.m */,
				E149F4291A73AB1D00F46C87 /* CWSTransactionData.h */,
				E149F42A1A73AB1D00F46C87 /* CWSTransactionData.m */,
				E149F42B1A73AB1D00F46C87 /* CWSTransactionDataPro.h */,
				E149F42C1A73AB1D00F46C87 /* CWSTransactionDataPro.m */,
				E149F42D1A73AB1D00F46C87 /* CWSTransactionReportingData.h */,
				E149F42E1A73AB1D00F46C87 /* CWSTransactionReportingData.m */,
			);
			path = Classes;
			sourceTree = "<group>";
		};
		E149F4311A73AB1D00F46C87 /* Helpers */ = {
			isa = PBXGroup;
			children = (
				E149F4321A73AB1D00F46C87 /* NSDate+InternetDateTime.h */,
				E149F4331A73AB1D00F46C87 /* NSDate+InternetDateTime.m */,
				E149F4341A73AB1D00F46C87 /* NSString+Base64Encode.h */,
				E149F4351A73AB1D00F46C87 /* NSString+Base64Encode.m */,
				E149F4361A73AB1D00F46C87 /* SBJSON */,
			);
			path = Helpers;
			sourceTree = "<group>";
		};
		E149F4361A73AB1D00F46C87 /* SBJSON */ = {
			isa = PBXGroup;
			children = (
				E149F4371A73AB1D00F46C87 /* NSObject+SBJson.h */,
				E149F4381A73AB1D00F46C87 /* NSObject+SBJson.m */,
				E149F4391A73AB1D00F46C87 /* SBJson.h */,
				E149F43A1A73AB1D00F46C87 /* SBJsonParser.h */,
				E149F43B1A73AB1D00F46C87 /* SBJsonParser.m */,
				E149F43C1A73AB1D00F46C87 /* SBJsonStreamParser.h */,
				E149F43D1A73AB1D00F46C87 /* SBJsonStreamParser.m */,
				E149F43E1A73AB1D00F46C87 /* SBJsonStreamParserAccumulator.h */,
				E149F43F1A73AB1D00F46C87 /* SBJsonStreamParserAccumulator.m */,
				E149F4401A73AB1D00F46C87 /* SBJsonStreamParserAdapter.h */,
				E149F4411A73AB1D00F46C87 /* SBJsonStreamParserAdapter.m */,
				E149F4421A73AB1D00F46C87 /* SBJsonStreamParserState.h */,
				E149F4431A73AB1D00F46C87 /* SBJsonStreamParserState.m */,
				E149F4441A73AB1D00F46C87 /* SBJsonStreamWriter.h */,
				E149F4451A73AB1D00F46C87 /* SBJsonStreamWriter.m */,
				E149F4461A73AB1D00F46C87 /* SBJsonStreamWriterAccumulator.h */,
				E149F4471A73AB1D00F46C87 /* SBJsonStreamWriterAccumulator.m */,
				E149F4481A73AB1D00F46C87 /* SBJsonStreamWriterState.h */,
				E149F4491A73AB1D00F46C87 /* SBJsonStreamWriterState.m */,
				E149F44A1A73AB1D00F46C87 /* SBJsonTokeniser.h */,
				E149F44B1A73AB1D00F46C87 /* SBJsonTokeniser.m */,
				E149F44C1A73AB1D00F46C87 /* SBJsonUTF8Stream.h */,
				E149F44D1A73AB1D00F46C87 /* SBJsonUTF8Stream.m */,
				E149F44E1A73AB1D00F46C87 /* SBJsonWriter.h */,
				E149F44F1A73AB1D00F46C87 /* SBJsonWriter.m */,
			);
			path = SBJSON;
			sourceTree = "<group>";
		};
		E149F4671A73AD1300F46C87 /* peertalk */ = {
			isa = PBXGroup;
			children = (
				E149F4681A73AD1300F46C87 /* prefix.pch */,
				E149F4691A73AD1300F46C87 /* PTChannel.h */,
				E149F46A1A73AD1300F46C87 /* PTChannel.m */,
				E149F46B1A73AD1300F46C87 /* PTPrivate.h */,
				E149F46C1A73AD1300F46C87 /* PTProtocol.h */,
				E149F46D1A73AD1300F46C87 /* PTProtocol.m */,
				E149F46E1A73AD1300F46C87 /* PTUSBHub.h */,
				E149F46F1A73AD1300F46C87 /* PTUSBHub.m */,
			);
			path = peertalk;
			sourceTree = "<group>";
		};
/* End PBXGroup section */

/* Begin PBXNativeTarget section */
		E149F3F61A73AA0D00F46C87 /* ios */ = {
			isa = PBXNativeTarget;
			buildConfigurationList = E149F4161A73AA0E00F46C87 /* Build configuration list for PBXNativeTarget "ios" */;
			buildPhases = (
				E149F3F31A73AA0D00F46C87 /* Sources */,
				E149F3F41A73AA0D00F46C87 /* Frameworks */,
				E149F3F51A73AA0D00F46C87 /* Resources */,
			);
			buildRules = (
			);
			dependencies = (
			);
			name = ios;
			productName = ios;
			productReference = E149F3F71A73AA0D00F46C87 /* ios.app */;
			productType = "com.apple.product-type.application";
		};
		E149F40B1A73AA0E00F46C87 /* iosTests */ = {
			isa = PBXNativeTarget;
			buildConfigurationList = E149F4191A73AA0E00F46C87 /* Build configuration list for PBXNativeTarget "iosTests" */;
			buildPhases = (
				E149F4081A73AA0E00F46C87 /* Sources */,
				E149F4091A73AA0E00F46C87 /* Frameworks */,
				E149F40A1A73AA0E00F46C87 /* Resources */,
			);
			buildRules = (
			);
			dependencies = (
				E149F40E1A73AA0E00F46C87 /* PBXTargetDependency */,
			);
			name = iosTests;
			productName = iosTests;
			productReference = E149F40C1A73AA0E00F46C87 /* iosTests.xctest */;
			productType = "com.apple.product-type.bundle.unit-test";
		};
/* End PBXNativeTarget section */

/* Begin PBXProject section */
		E149F3EF1A73AA0D00F46C87 /* Project object */ = {
			isa = PBXProject;
			attributes = {
				LastUpgradeCheck = 0610;
				ORGANIZATIONNAME = izqui;
				TargetAttributes = {
					E149F3F61A73AA0D00F46C87 = {
						CreatedOnToolsVersion = 6.1.1;
					};
					E149F40B1A73AA0E00F46C87 = {
						CreatedOnToolsVersion = 6.1.1;
						TestTargetID = E149F3F61A73AA0D00F46C87;
					};
				};
			};
			buildConfigurationList = E149F3F21A73AA0D00F46C87 /* Build configuration list for PBXProject "ios" */;
			compatibilityVersion = "Xcode 3.2";
			developmentRegion = English;
			hasScannedForEncodings = 0;
			knownRegions = (
				en,
				Base,
			);
			mainGroup = E149F3EE1A73AA0D00F46C87;
			productRefGroup = E149F3F81A73AA0D00F46C87 /* Products */;
			projectDirPath = "";
			projectRoot = "";
			targets = (
				E149F3F61A73AA0D00F46C87 /* ios */,
				E149F40B1A73AA0E00F46C87 /* iosTests */,
			);
		};
/* End PBXProject section */

/* Begin PBXResourcesBuildPhase section */
		E149F3F51A73AA0D00F46C87 /* Resources */ = {
			isa = PBXResourcesBuildPhase;
			buildActionMask = 2147483647;
			files = (
				E149F4021A73AA0E00F46C87 /* Main.storyboard in Resources */,
				E149F4071A73AA0E00F46C87 /* LaunchScreen.xib in Resources */,
				E149F4041A73AA0E00F46C87 /* Images.xcassets in Resources */,
			);
			runOnlyForDeploymentPostprocessing = 0;
		};
		E149F40A1A73AA0E00F46C87 /* Resources */ = {
			isa = PBXResourcesBuildPhase;
			buildActionMask = 2147483647;
			files = (
			);
			runOnlyForDeploymentPostprocessing = 0;
		};
/* End PBXResourcesBuildPhase section */

/* Begin PBXSourcesBuildPhase section */
		E149F3F31A73AA0D00F46C87 /* Sources */ = {
			isa = PBXSourcesBuildPhase;
			buildActionMask = 2147483647;
			files = (
				E149F3FF1A73AA0E00F46C87 /* ViewController.swift in Sources */,
				E149F3FD1A73AA0E00F46C87 /* AppDelegate.swift in Sources */,
				E149F45E1A73AB1D00F46C87 /* SBJsonStreamParserAccumulator.m in Sources */,
				E149F4611A73AB1D00F46C87 /* SBJsonStreamWriter.m in Sources */,
				E149F4531A73AB1D00F46C87 /* CWSDifferenceData.m in Sources */,
				E149F45C1A73AB1D00F46C87 /* SBJsonParser.m in Sources */,
				E149F4501A73AB1D00F46C87 /* CWSAddressInfo.m in Sources */,
				E149F4591A73AB1D00F46C87 /* NSDate+InternetDateTime.m in Sources */,
				E149F4641A73AB1D00F46C87 /* SBJsonTokeniser.m in Sources */,
				E149F4551A73AB1D00F46C87 /* CWSTransactionData.m in Sources */,
				E149F4601A73AB1D00F46C87 /* SBJsonStreamParserState.m in Sources */,
				E149F45D1A73AB1D00F46C87 /* SBJsonStreamParser.m in Sources */,
				E149F45B1A73AB1D00F46C87 /* NSObject+SBJson.m in Sources */,
				E149F4561A73AB1D00F46C87 /* CWSTransactionDataPro.m in Sources */,
				E149F4721A73AD1300F46C87 /* PTUSBHub.m in Sources */,
				E149F4521A73AB1D00F46C87 /* CWSCreditCard.m in Sources */,
				E149F4541A73AB1D00F46C87 /* CWSInterchangeData.m in Sources */,
				E149F4631A73AB1D00F46C87 /* SBJsonStreamWriterState.m in Sources */,
				E149F4581A73AB1D00F46C87 /* CWSAPI.m in Sources */,
				E149F4511A73AB1D00F46C87 /* CWSAlternativeMerchantData.m in Sources */,
				E149F4621A73AB1D00F46C87 /* SBJsonStreamWriterAccumulator.m in Sources */,
				E149F45A1A73AB1D00F46C87 /* NSString+Base64Encode.m in Sources */,
				E149F4661A73AB1D00F46C87 /* SBJsonWriter.m in Sources */,
				E149F4571A73AB1D00F46C87 /* CWSTransactionReportingData.m in Sources */,
				E149F4711A73AD1300F46C87 /* PTProtocol.m in Sources */,
				E149F45F1A73AB1D00F46C87 /* SBJsonStreamParserAdapter.m in Sources */,
				E149F4651A73AB1D00F46C87 /* SBJsonUTF8Stream.m in Sources */,
				E149F4701A73AD1300F46C87 /* PTChannel.m in Sources */,
			);
			runOnlyForDeploymentPostprocessing = 0;
		};
		E149F4081A73AA0E00F46C87 /* Sources */ = {
			isa = PBXSourcesBuildPhase;
			buildActionMask = 2147483647;
			files = (
				E149F4131A73AA0E00F46C87 /* iosTests.swift in Sources */,
			);
			runOnlyForDeploymentPostprocessing = 0;
		};
/* End PBXSourcesBuildPhase section */

/* Begin PBXTargetDependency section */
		E149F40E1A73AA0E00F46C87 /* PBXTargetDependency */ = {
			isa = PBXTargetDependency;
			target = E149F3F61A73AA0D00F46C87 /* ios */;
			targetProxy = E149F40D1A73AA0E00F46C87 /* PBXContainerItemProxy */;
		};
/* End PBXTargetDependency section */

/* Begin PBXVariantGroup section */
		E149F4001A73AA0E00F46C87 /* Main.storyboard */ = {
			isa = PBXVariantGroup;
			children = (
				E149F4011A73AA0E00F46C87 /* Base */,
			);
			name = Main.storyboard;
			sourceTree = "<group>";
		};
		E149F4051A73AA0E00F46C87 /* LaunchScreen.xib */ = {
			isa = PBXVariantGroup;
			children = (
				E149F4061A73AA0E00F46C87 /* Base */,
			);
			name = LaunchScreen.xib;
			sourceTree = "<group>";
		};
/* End PBXVariantGroup section */

/* Begin XCBuildConfiguration section */
		E149F4141A73AA0E00F46C87 /* Debug */ = {
			isa = XCBuildConfiguration;
			buildSettings = {
				ALWAYS_SEARCH_USER_PATHS = NO;
				CLANG_CXX_LANGUAGE_STANDARD = "gnu++0x";
				CLANG_CXX_LIBRARY = "libc++";
				CLANG_ENABLE_MODULES = YES;
				CLANG_ENABLE_OBJC_ARC = YES;
				CLANG_WARN_BOOL_CONVERSION = YES;
				CLANG_WARN_CONSTANT_CONVERSION = YES;
				CLANG_WARN_DIRECT_OBJC_ISA_USAGE = YES_ERROR;
				CLANG_WARN_EMPTY_BODY = YES;
				CLANG_WARN_ENUM_CONVERSION = YES;
				CLANG_WARN_INT_CONVERSION = YES;
				CLANG_WARN_OBJC_ROOT_CLASS = YES_ERROR;
				CLANG_WARN_UNREACHABLE_CODE = YES;
				CLANG_WARN__DUPLICATE_METHOD_MATCH = YES;
				"CODE_SIGN_IDENTITY[sdk=iphoneos*]" = "iPhone Developer";
				COPY_PHASE_STRIP = NO;
				ENABLE_STRICT_OBJC_MSGSEND = YES;
				GCC_C_LANGUAGE_STANDARD = gnu99;
				GCC_DYNAMIC_NO_PIC = NO;
				GCC_OPTIMIZATION_LEVEL = 0;
				GCC_PREPROCESSOR_DEFINITIONS = (
					"DEBUG=1",
					"$(inherited)",
				);
				GCC_SYMBOLS_PRIVATE_EXTERN = NO;
				GCC_WARN_64_TO_32_BIT_CONVERSION = YES;
				GCC_WARN_ABOUT_RETURN_TYPE = YES_ERROR;
				GCC_WARN_UNDECLARED_SELECTOR = YES;
				GCC_WARN_UNINITIALIZED_AUTOS = YES_AGGRESSIVE;
				GCC_WARN_UNUSED_FUNCTION = YES;
				GCC_WARN_UNUSED_VARIABLE = YES;
				IPHONEOS_DEPLOYMENT_TARGET = 8.1;
				MTL_ENABLE_DEBUG_INFO = YES;
				ONLY_ACTIVE_ARCH = YES;
				SDKROOT = iphoneos;
				SWIFT_OPTIMIZATION_LEVEL = "-Onone";
				TARGETED_DEVICE_FAMILY = "1,2";
			};
			name = Debug;
		};
		E149F4151A73AA0E00F46C87 /* Release */ = {
			isa = XCBuildConfiguration;
			buildSettings = {
				ALWAYS_SEARCH_USER_PATHS = NO;
				CLANG_CXX_LANGUAGE_STANDARD = "gnu++0x";
				CLANG_CXX_LIBRARY = "libc++";
				CLANG_ENABLE_MODULES = YES;
				CLANG_ENABLE_OBJC_ARC = YES;
				CLANG_WARN_BOOL_CONVERSION = YES;
				CLANG_WARN_CONSTANT_CONVERSION = YES;
				CLANG_WARN_DIRECT_OBJC_ISA_USAGE = YES_ERROR;
				CLANG_WARN_EMPTY_BODY = YES;
				CLANG_WARN_ENUM_CONVERSION = YES;
				CLANG_WARN_INT_CONVERSION = YES;
				CLANG_WARN_OBJC_ROOT_CLASS = YES_ERROR;
				CLANG_WARN_UNREACHABLE_CODE = YES;
				CLANG_WARN__DUPLICATE_METHOD_MATCH = YES;
				"CODE_SIGN_IDENTITY[sdk=iphoneos*]" = "iPhone Developer";
				COPY_PHASE_STRIP = YES;
				ENABLE_NS_ASSERTIONS = NO;
				ENABLE_STRICT_OBJC_MSGSEND = YES;
				GCC_C_LANGUAGE_STANDARD = gnu99;
				GCC_WARN_64_TO_32_BIT_CONVERSION = YES;
				GCC_WARN_ABOUT_RETURN_TYPE = YES_ERROR;
				GCC_WARN_UNDECLARED_SELECTOR = YES;
				GCC_WARN_UNINITIALIZED_AUTOS = YES_AGGRESSIVE;
				GCC_WARN_UNUSED_FUNCTION = YES;
				GCC_WARN_UNUSED_VARIABLE = YES;
				IPHONEOS_DEPLOYMENT_TARGET = 8.1;
				MTL_ENABLE_DEBUG_INFO = NO;
				SDKROOT = iphoneos;
				TARGETED_DEVICE_FAMILY = "1,2";
				VALIDATE_PRODUCT = YES;
			};
			name = Release;
		};
		E149F4171A73AA0E00F46C87 /* Debug */ = {
			isa = XCBuildConfiguration;
			buildSettings = {
				ASSETCATALOG_COMPILER_APPICON_NAME = AppIcon;
				INFOPLIST_FILE = ios/Info.plist;
				LD_RUNPATH_SEARCH_PATHS = "$(inherited) @executable_path/Frameworks";
				PRODUCT_NAME = "$(TARGET_NAME)";
				SWIFT_OBJC_BRIDGING_HEADER = ios/Bridge.h;
			};
			name = Debug;
		};
		E149F4181A73AA0E00F46C87 /* Release */ = {
			isa = XCBuildConfiguration;
			buildSettings = {
				ASSETCATALOG_COMPILER_APPICON_NAME = AppIcon;
				INFOPLIST_FILE = ios/Info.plist;
				LD_RUNPATH_SEARCH_PATHS = "$(inherited) @executable_path/Frameworks";
				PRODUCT_NAME = "$(TARGET_NAME)";
				SWIFT_OBJC_BRIDGING_HEADER = ios/Bridge.h;
			};
			name = Release;
		};
		E149F41A1A73AA0E00F46C87 /* Debug */ = {
			isa = XCBuildConfiguration;
			buildSettings = {
				BUNDLE_LOADER = "$(TEST_HOST)";
				FRAMEWORK_SEARCH_PATHS = (
					"$(SDKROOT)/Developer/Library/Frameworks",
					"$(inherited)",
				);
				GCC_PREPROCESSOR_DEFINITIONS = (
					"DEBUG=1",
					"$(inherited)",
				);
				INFOPLIST_FILE = iosTests/Info.plist;
				LD_RUNPATH_SEARCH_PATHS = "$(inherited) @executable_path/Frameworks @loader_path/Frameworks";
				PRODUCT_NAME = "$(TARGET_NAME)";
				TEST_HOST = "$(BUILT_PRODUCTS_DIR)/ios.app/ios";
			};
			name = Debug;
		};
		E149F41B1A73AA0E00F46C87 /* Release */ = {
			isa = XCBuildConfiguration;
			buildSettings = {
				BUNDLE_LOADER = "$(TEST_HOST)";
				FRAMEWORK_SEARCH_PATHS = (
					"$(SDKROOT)/Developer/Library/Frameworks",
					"$(inherited)",
				);
				INFOPLIST_FILE = iosTests/Info.plist;
				LD_RUNPATH_SEARCH_PATHS = "$(inherited) @executable_path/Frameworks @loader_path/Frameworks";
				PRODUCT_NAME = "$(TARGET_NAME)";
				TEST_HOST = "$(BUILT_PRODUCTS_DIR)/ios.app/ios";
			};
			name = Release;
		};
/* End XCBuildConfiguration section */

/* Begin XCConfigurationList section */
		E149F3F21A73AA0D00F46C87 /* Build configuration list for PBXProject "ios" */ = {
			isa = XCConfigurationList;
			buildConfigurations = (
				E149F4141A73AA0E00F46C87 /* Debug */,
				E149F4151A73AA0E00F46C87 /* Release */,
			);
			defaultConfigurationIsVisible = 0;
			defaultConfigurationName = Release;
		};
		E149F4161A73AA0E00F46C87 /* Build configuration list for PBXNativeTarget "ios" */ = {
			isa = XCConfigurationList;
			buildConfigurations = (
				E149F4171A73AA0E00F46C87 /* Debug */,
				E149F4181A73AA0E00F46C87 /* Release */,
			);
			defaultConfigurationIsVisible = 0;
		};
		E149F4191A73AA0E00F46C87 /* Build configuration list for PBXNativeTarget "iosTests" */ = {
			isa = XCConfigurationList;
			buildConfigurations = (
				E149F41A1A73AA0E00F46C87 /* Debug */,
				E149F41B1A73AA0E00F46C87 /* Release */,
			);
			defaultConfigurationIsVisible = 0;
		};
/* End XCConfigurationList section */
	};
	rootObject = E149F3EF1A73AA0D00F46C87 /* Project object */;
}
